
Microsoft Visual Studio Solution File, Format Version 12.00
# Visual Studio Version 17
VisualStudioVersion = 17.14.36212.18 d17.14
MinimumVisualStudioVersion = 10.0.40219.1
Project("{FAE04EC0-301F-11D3-BF4B-00C04F79EFBC}") = "TodoTimeLineApp_Backend.NET", "TodoTimeLineApp_Backend.NET\TodoTimeLineApp_Backend.NET.csproj", "{D8F68FF7-7EE8-4640-8F01-719D16C1F769}"
EndProject
Global
	GlobalSection(SolutionConfigurationPlatforms) = preSolution
		Debug|Any CPU = Debug|Any CPU
		Release|Any CPU = Release|Any CPU
	EndGlobalSection
	GlobalSection(ProjectConfigurationPlatforms) = postSolution
		{D8F68FF7-7EE8-4640-8F01-719D16C1F769}.Debug|Any CPU.ActiveCfg = Debug|Any CPU
		{D8F68FF7-7EE8-4640-8F01-719D16C1F769}.Debug|Any CPU.Build.0 = Debug|Any CPU
		{D8F68FF7-7EE8-4640-8F01-719D16C1F769}.Release|Any CPU.ActiveCfg = Release|Any CPU
		{D8F68FF7-7EE8-4640-8F01-719D16C1F769}.Release|Any CPU.Build.0 = Release|Any CPU
	EndGlobalSection
	GlobalSection(SolutionProperties) = preSolution
		HideSolutionNode = FALSE
	EndGlobalSection
	GlobalSection(ExtensibilityGlobals) = postSolution
		SolutionGuid = {07E78C1E-0DC7-45F8-83B1-D186C05EB67D}
	EndGlobalSection
EndGlobal
